// !$*UTF8*$!
{
	archiveVersion = 1;
	classes = {
	};
	objectVersion = 77;
	objects = {

/* Begin PBXBuildFile section */
		9D5F3240DFADEAD40E41058A /* Pods_NuLink.framework in Frameworks */ = {isa = PBXBuildFile; fileRef = EA458F289FD455F6ADA6EC8F /* Pods_NuLink.framework */; };
/* End PBXBuildFile section */

/* Begin PBXContainerItemProxy section */
		29335DD22E8F138E00DDCF2E /* PBXContainerItemProxy */ = {
			isa = PBXContainerItemProxy;
			containerPortal = 29335DB72E8F138D00DDCF2E /* Project object */;
			proxyType = 1;
			remoteGlobalIDString = 29335DBE2E8F138D00DDCF2E;
			remoteInfo = NuLink;
		};
		29335DDC2E8F138E00DDCF2E /* PBXContainerItemProxy */ = {
			isa = PBXContainerItemProxy;
			containerPortal = 29335DB72E8F138D00DDCF2E /* Project object */;
			proxyType = 1;
			remoteGlobalIDString = 29335DBE2E8F138D00DDCF2E;
			remoteInfo = NuLink;
		};
/* End PBXContainerItemProxy section */

/* Begin PBXFileReference section */
		29335DBF2E8F138D00DDCF2E /* NuLink.app */ = {isa = PBXFileReference; explicitFileType = wrapper.application; includeInIndex = 0; path = NuLink.app; sourceTree = BUILT_PRODUCTS_DIR; };
		29335DD12E8F138E00DDCF2E /* NuLinkTests.xctest */ = {isa = PBXFileReference; explicitFileType = wrapper.cfbundle; includeInIndex = 0; path = NuLinkTests.xctest; sourceTree = BUILT_PRODUCTS_DIR; };
		29335DDB2E8F138E00DDCF2E /* NuLinkUITests.xctest */ = {isa = PBXFileReference; explicitFileType = wrapper.cfbundle; includeInIndex = 0; path = NuLinkUITests.xctest; sourceTree = BUILT_PRODUCTS_DIR; };
		35E16AC2745455C8A48EC8DB /* Pods-NuLink.release.xcconfig */ = {isa = PBXFileReference; includeInIndex = 1; lastKnownFileType = text.xcconfig; name = "Pods-NuLink.release.xcconfig"; path = "Target Support Files/Pods-NuLink/Pods-NuLink.release.xcconfig"; sourceTree = "<group>"; };
		8AE349A096BF0512F00FCF11 /* Pods-NuLink.debug.xcconfig */ = {isa = PBXFileReference; includeInIndex = 1; lastKnownFileType = text.xcconfig; name = "Pods-NuLink.debug.xcconfig"; path = "Target Support Files/Pods-NuLink/Pods-NuLink.debug.xcconfig"; sourceTree = "<group>"; };
		EA458F289FD455F6ADA6EC8F /* Pods_NuLink.framework */ = {isa = PBXFileReference; explicitFileType = wrapper.framework; includeInIndex = 0; path = Pods_NuLink.framework; sourceTree = BUILT_PRODUCTS_DIR; };
/* End PBXFileReference section */

/* Begin PBXFileSystemSynchronizedRootGroup section */
		29335DC12E8F138D00DDCF2E /* NuLink */ = {
			isa = PBXFileSystemSynchronizedRootGroup;
			path = NuLink;
			sourceTree = "<group>";
		};
		29335DD42E8F138E00DDCF2E /* NuLinkTests */ = {
			isa = PBXFileSystemSynchronizedRootGroup;
			path = NuLinkTests;
			sourceTree = "<group>";
		};
		29335DDE2E8F138E00DDCF2E /* NuLinkUITests */ = {
			isa = PBXFileSystemSynchronizedRootGroup;
			path = NuLinkUITests;
			sourceTree = "<group>";
		};
/* End PBXFileSystemSynchronizedRootGroup section */

/* Begin PBXFrameworksBuildPhase section */
		29335DBC2E8F138D00DDCF2E /* Frameworks */ = {
			isa = PBXFrameworksBuildPhase;
			buildActionMask = 2147483647;
			files = (
				9D5F3240DFADEAD40E41058A /* Pods_NuLink.framework in Frameworks */,
			);
			runOnlyForDeploymentPostprocessing = 0;
		};
		29335DCE2E8F138E00DDCF2E /* Frameworks */ = {
			isa = PBXFrameworksBuildPhase;
			buildActionMask = 2147483647;
			files = (
			);
			runOnlyForDeploymentPostprocessing = 0;
		};
		29335DD82E8F138E00DDCF2E /* Frameworks */ = {
			isa = PBXFrameworksBuildPhase;
			buildActionMask = 2147483647;
			files = (
			);
			runOnlyForDeploymentPostprocessing = 0;
		};
/* End PBXFrameworksBuildPhase section */

/* Begin PBXGroup section */
		29335DB62E8F138D00DDCF2E = {
			isa = PBXGroup;
			children = (
				29335DC12E8F138D00DDCF2E /* NuLink */,
				29335DD42E8F138E00DDCF2E /* NuLinkTests */,
				29335DDE2E8F138E00DDCF2E /* NuLinkUITests */,
				29335DC02E8F138D00DDCF2E /* Products */,
				FFDCB21064AC56ECDC565FF2 /* Pods */,
				29E60D73CF6F9E5F3CEF59C1 /* Frameworks */,
			);
			sourceTree = "<group>";
		};
		29335DC02E8F138D00DDCF2E /* Products */ = {
			isa = PBXGroup;
			children = (
				29335DBF2E8F138D00DDCF2E /* NuLink.app */,
				29335DD12E8F138E00DDCF2E /* NuLinkTests.xctest */,
				29335DDB2E8F138E00DDCF2E /* NuLinkUITests.xctest */,
			);
			name = Products;
			sourceTree = "<group>";
		};
		29E60D73CF6F9E5F3CEF59C1 /* Frameworks */ = {
			isa = PBXGroup;
			children = (
				EA458F289FD455F6ADA6EC8F /* Pods_NuLink.framework */,
			);
			name = Frameworks;
			sourceTree = "<group>";
		};
		FFDCB21064AC56ECDC565FF2 /* Pods */ = {
			isa = PBXGroup;
			children = (
				8AE349A096BF0512F00FCF11 /* Pods-NuLink.debug.xcconfig */,
				35E16AC2745455C8A48EC8DB /* Pods-NuLink.release.xcconfig */,
			);
			path = Pods;
			sourceTree = "<group>";
		};
/* End PBXGroup section */

/* Begin PBXNativeTarget section */
		29335DBE2E8F138D00DDCF2E /* NuLink */ = {
			isa = PBXNativeTarget;
			buildConfigurationList = 29335DE52E8F138E00DDCF2E /* Build configuration list for PBXNativeTarget "NuLink" */;
			buildPhases = (
				60C8723C992F16ADA233E769 /* [CP] Check Pods Manifest.lock */,
				29335DBB2E8F138D00DDCF2E /* Sources */,
				29335DBC2E8F138D00DDCF2E /* Frameworks */,
				29335DBD2E8F138D00DDCF2E /* Resources */,
				29335E102E8F148400DDCF2E /* Swift Lint */,
			);
			buildRules = (
			);
			dependencies = (
			);
			fileSystemSynchronizedGroups = (
				29335DC12E8F138D00DDCF2E /* NuLink */,
			);
			name = NuLink;
			productName = NuLink;
			productReference = 29335DBF2E8F138D00DDCF2E /* NuLink.app */;
			productType = "com.apple.product-type.application";
		};
		29335DD02E8F138E00DDCF2E /* NuLinkTests */ = {
			isa = PBXNativeTarget;
			buildConfigurationList = 29335DE82E8F138E00DDCF2E /* Build configuration list for PBXNativeTarget "NuLinkTests" */;
			buildPhases = (
				29335DCD2E8F138E00DDCF2E /* Sources */,
				29335DCE2E8F138E00DDCF2E /* Frameworks */,
				29335DCF2E8F138E00DDCF2E /* Resources */,
			);
			buildRules = (
			);
			dependencies = (
				29335DD32E8F138E00DDCF2E /* PBXTargetDependency */,
			);
			fileSystemSynchronizedGroups = (
				29335DD42E8F138E00DDCF2E /* NuLinkTests */,
			);
			name = NuLinkTests;
			productName = NuLinkTests;
			productReference = 29335DD12E8F138E00DDCF2E /* NuLinkTests.xctest */;
			productType = "com.apple.product-type.bundle.unit-test";
		};
		29335DDA2E8F138E00DDCF2E /* NuLinkUITests */ = {
			isa = PBXNativeTarget;
			buildConfigurationList = 29335DEB2E8F138E00DDCF2E /* Build configuration list for PBXNativeTarget "NuLinkUITests" */;
			buildPhases = (
				29335DD72E8F138E00DDCF2E /* Sources */,
				29335DD82E8F138E00DDCF2E /* Frameworks */,
				29335DD92E8F138E00DDCF2E /* Resources */,
			);
			buildRules = (
			);
			dependencies = (
				29335DDD2E8F138E00DDCF2E /* PBXTargetDependency */,
			);
			fileSystemSynchronizedGroups = (
				29335DDE2E8F138E00DDCF2E /* NuLinkUITests */,
			);
			name = NuLinkUITests;
			productName = NuLinkUITests;
			productReference = 29335DDB2E8F138E00DDCF2E /* NuLinkUITests.xctest */;
			productType = "com.apple.product-type.bundle.ui-testing";
		};
/* End PBXNativeTarget section */

/* Begin PBXProject section */
		29335DB72E8F138D00DDCF2E /* Project object */ = {
			isa = PBXProject;
			attributes = {
				BuildIndependentTargetsInParallel = 1;
				LastSwiftUpdateCheck = 2600;
				LastUpgradeCheck = 2600;
				TargetAttributes = {
					29335DBE2E8F138D00DDCF2E = {
						CreatedOnToolsVersion = 26.0.1;
					};
					29335DD02E8F138E00DDCF2E = {
						CreatedOnToolsVersion = 26.0.1;
						TestTargetID = 29335DBE2E8F138D00DDCF2E;
					};
					29335DDA2E8F138E00DDCF2E = {
						CreatedOnToolsVersion = 26.0.1;
						TestTargetID = 29335DBE2E8F138D00DDCF2E;
					};
				};
			};
			buildConfigurationList = 29335DBA2E8F138D00DDCF2E /* Build configuration list for PBXProject "NuLink" */;
			developmentRegion = en;
			hasScannedForEncodings = 0;
			knownRegions = (
				en,
				Base,
			);
			mainGroup = 29335DB62E8F138D00DDCF2E;
			minimizedProjectReferenceProxies = 1;
			preferredProjectObjectVersion = 77;
			productRefGroup = 29335DC02E8F138D00DDCF2E /* Products */;
			projectDirPath = "";
			projectRoot = "";
			targets = (
				29335DBE2E8F138D00DDCF2E /* NuLink */,
				29335DD02E8F138E00DDCF2E /* NuLinkTests */,
				29335DDA2E8F138E00DDCF2E /* NuLinkUITests */,
			);
		};
/* End PBXProject section */

/* Begin PBXResourcesBuildPhase section */
		29335DBD2E8F138D00DDCF2E /* Resources */ = {
			isa = PBXResourcesBuildPhase;
			buildActionMask = 2147483647;
			files = (
			);
			runOnlyForDeploymentPostprocessing = 0;
		};
		29335DCF2E8F138E00DDCF2E /* Resources */ = {
			isa = PBXResourcesBuildPhase;
			buildActionMask = 2147483647;
			files = (
			);
			runOnlyForDeploymentPostprocessing = 0;
		};
		29335DD92E8F138E00DDCF2E /* Resources */ = {
			isa = PBXResourcesBuildPhase;
			buildActionMask = 2147483647;
			files = (
			);
			runOnlyForDeploymentPostprocessing = 0;
		};
/* End PBXResourcesBuildPhase section */

/* Begin PBXShellScriptBuildPhase section */
		29335E102E8F148400DDCF2E /* Swift Lint */ = {
			isa = PBXShellScriptBuildPhase;
			buildActionMask = 2147483647;
			files = (
			);
			inputFileListPaths = (
			);
			inputPaths = (
				"$(SRCROOT)/.swiftlint.yml",
			);
			name = "Swift Lint";
			outputFileListPaths = (
			);
			outputPaths = (
				"$(DERIVED_FILE_DIR)/swiftlint.done",
			);
			runOnlyForDeploymentPostprocessing = 0;
			shellPath = /bin/sh;
			shellScript = "# --- Skip in Previews / Index / non-Release ---\nif [ \"${ENABLE_PREVIEWS}\" = \"YES\" ] || \\\n   [ \"${XCODE_RUNNING_FOR_PREVIEWS}\" = \"1\" ] || \\\n   [ \"${ACTION}\" = \"indexbuild\" ]; then\n  echo \"SwiftLint skipped (Previews/IndexBuild).\"\n  exit 0\nfi\n\n# Só roda em Release \nif [ \"${CONFIGURATION}\" != \"Release\" ]; then\n  echo \"SwiftLint skipped in ${CONFIGURATION}.\"\n  exit 0\nfi\n\nCONFIG_FILE=\"${SRCROOT}/.swiftlint.yml\"\nBIN=\"${PODS_ROOT}/SwiftLint/swiftlint\"\n\nif [ -x \"$BIN\" ]; then\n  \"$BIN\" --quiet --config \"$CONFIG_FILE\"\n  # gera um “output” para satisfazer o dependency analysis\n  touch \"${DERIVED_FILE_DIR}/swiftlint.done\"\nelse\n  echo \"warning: SwiftLint binary not found or not executable at $BIN\"\nfi\n\n";
		};
		60C8723C992F16ADA233E769 /* [CP] Check Pods Manifest.lock */ = {
			isa = PBXShellScriptBuildPhase;
			buildActionMask = 2147483647;
			files = (
			);
			inputFileListPaths = (
			);
			inputPaths = (
				"${PODS_PODFILE_DIR_PATH}/Podfile.lock",
				"${PODS_ROOT}/Manifest.lock",
			);
			name = "[CP] Check Pods Manifest.lock";
			outputFileListPaths = (
			);
			outputPaths = (
				"$(DERIVED_FILE_DIR)/Pods-NuLink-checkManifestLockResult.txt",
			);
			runOnlyForDeploymentPostprocessing = 0;
			shellPath = /bin/sh;
			shellScript = "diff \"${PODS_PODFILE_DIR_PATH}/Podfile.lock\" \"${PODS_ROOT}/Manifest.lock\" > /dev/null\nif [ $? != 0 ] ; then\n    # print error to STDERR\n    echo \"error: The sandbox is not in sync with the Podfile.lock. Run 'pod install' or update your CocoaPods installation.\" >&2\n    exit 1\nfi\n# This output is used by Xcode 'outputs' to avoid re-running this script phase.\necho \"SUCCESS\" > \"${SCRIPT_OUTPUT_FILE_0}\"\n";
			showEnvVarsInLog = 0;
		};
/* End PBXShellScriptBuildPhase section */

/* Begin PBXSourcesBuildPhase section */
		29335DBB2E8F138D00DDCF2E /* Sources */ = {
			isa = PBXSourcesBuildPhase;
			buildActionMask = 2147483647;
			files = (
			);
			runOnlyForDeploymentPostprocessing = 0;
		};
		29335DCD2E8F138E00DDCF2E /* Sources */ = {
			isa = PBXSourcesBuildPhase;
			buildActionMask = 2147483647;
			files = (
			);
			runOnlyForDeploymentPostprocessing = 0;
		};
		29335DD72E8F138E00DDCF2E /* Sources */ = {
			isa = PBXSourcesBuildPhase;
			buildActionMask = 2147483647;
			files = (
			);
			runOnlyForDeploymentPostprocessing = 0;
		};
/* End PBXSourcesBuildPhase section */

/* Begin PBXTargetDependency section */
		29335DD32E8F138E00DDCF2E /* PBXTargetDependency */ = {
			isa = PBXTargetDependency;
			target = 29335DBE2E8F138D00DDCF2E /* NuLink */;
			targetProxy = 29335DD22E8F138E00DDCF2E /* PBXContainerItemProxy */;
		};
		29335DDD2E8F138E00DDCF2E /* PBXTargetDependency */ = {
			isa = PBXTargetDependency;
			target = 29335DBE2E8F138D00DDCF2E /* NuLink */;
			targetProxy = 29335DDC2E8F138E00DDCF2E /* PBXContainerItemProxy */;
		};
/* End PBXTargetDependency section */

/* Begin XCBuildConfiguration section */
		29335DE32E8F138E00DDCF2E /* Debug */ = {
			isa = XCBuildConfiguration;
			buildSettings = {
				ALWAYS_SEARCH_USER_PATHS = NO;
				ASSETCATALOG_COMPILER_GENERATE_SWIFT_ASSET_SYMBOL_EXTENSIONS = YES;
				CLANG_ANALYZER_NONNULL = YES;
				CLANG_ANALYZER_NUMBER_OBJECT_CONVERSION = YES_AGGRESSIVE;
				CLANG_CXX_LANGUAGE_STANDARD = "gnu++20";
				CLANG_ENABLE_MODULES = YES;
				CLANG_ENABLE_OBJC_ARC = YES;
				CLANG_ENABLE_OBJC_WEAK = YES;
				CLANG_WARN_BLOCK_CAPTURE_AUTORELEASING = YES;
				CLANG_WARN_BOOL_CONVERSION = YES;
				CLANG_WARN_COMMA = YES;
				CLANG_WARN_CONSTANT_CONVERSION = YES;
				CLANG_WARN_DEPRECATED_OBJC_IMPLEMENTATIONS = YES;
				CLANG_WARN_DIRECT_OBJC_ISA_USAGE = YES_ERROR;
				CLANG_WARN_DOCUMENTATION_COMMENTS = YES;
				CLANG_WARN_EMPTY_BODY = YES;
				CLANG_WARN_ENUM_CONVERSION = YES;
				CLANG_WARN_INFINITE_RECURSION = YES;
				CLANG_WARN_INT_CONVERSION = YES;
				CLANG_WARN_NON_LITERAL_NULL_CONVERSION = YES;
				CLANG_WARN_OBJC_IMPLICIT_RETAIN_SELF = YES;
				CLANG_WARN_OBJC_LITERAL_CONVERSION = YES;
				CLANG_WARN_OBJC_ROOT_CLASS = YES_ERROR;
				CLANG_WARN_QUOTED_INCLUDE_IN_FRAMEWORK_HEADER = YES;
				CLANG_WARN_RANGE_LOOP_ANALYSIS = YES;
				CLANG_WARN_STRICT_PROTOTYPES = YES;
				CLANG_WARN_SUSPICIOUS_MOVE = YES;
				CLANG_WARN_UNGUARDED_AVAILABILITY = YES_AGGRESSIVE;
				CLANG_WARN_UNREACHABLE_CODE = YES;
				CLANG_WARN__DUPLICATE_METHOD_MATCH = YES;
				COPY_PHASE_STRIP = NO;
				DEBUG_INFORMATION_FORMAT = dwarf;
				DEVELOPMENT_TEAM = QNQZT6P3XT;
				ENABLE_STRICT_OBJC_MSGSEND = YES;
				ENABLE_TESTABILITY = YES;
				ENABLE_USER_SCRIPT_SANDBOXING = YES;
				GCC_C_LANGUAGE_STANDARD = gnu17;
				GCC_DYNAMIC_NO_PIC = NO;
				GCC_NO_COMMON_BLOCKS = YES;
				GCC_OPTIMIZATION_LEVEL = 0;
				GCC_PREPROCESSOR_DEFINITIONS = (
					"DEBUG=1",
					"$(inherited)",
				);
				GCC_WARN_64_TO_32_BIT_CONVERSION = YES;
				GCC_WARN_ABOUT_RETURN_TYPE = YES_ERROR;
				GCC_WARN_UNDECLARED_SELECTOR = YES;
				GCC_WARN_UNINITIALIZED_AUTOS = YES_AGGRESSIVE;
				GCC_WARN_UNUSED_FUNCTION = YES;
				GCC_WARN_UNUSED_VARIABLE = YES;
				IPHONEOS_DEPLOYMENT_TARGET = 26.0;
				LOCALIZATION_PREFERS_STRING_CATALOGS = YES;
				MTL_ENABLE_DEBUG_INFO = INCLUDE_SOURCE;
				MTL_FAST_MATH = YES;
				ONLY_ACTIVE_ARCH = YES;
				SDKROOT = iphoneos;
				SWIFT_ACTIVE_COMPILATION_CONDITIONS = "DEBUG $(inherited)";
				SWIFT_OPTIMIZATION_LEVEL = "-Onone";
			};
			name = Debug;
		};
		29335DE42E8F138E00DDCF2E /* Release */ = {
			isa = XCBuildConfiguration;
			buildSettings = {
				ALWAYS_SEARCH_USER_PATHS = NO;
				ASSETCATALOG_COMPILER_GENERATE_SWIFT_ASSET_SYMBOL_EXTENSIONS = YES;
				CLANG_ANALYZER_NONNULL = YES;
				CLANG_ANALYZER_NUMBER_OBJECT_CONVERSION = YES_AGGRESSIVE;
				CLANG_CXX_LANGUAGE_STANDARD = "gnu++20";
				CLANG_ENABLE_MODULES = YES;
				CLANG_ENABLE_OBJC_ARC = YES;
				CLANG_ENABLE_OBJC_WEAK = YES;
				CLANG_WARN_BLOCK_CAPTURE_AUTORELEASING = YES;
				CLANG_WARN_BOOL_CONVERSION = YES;
				CLANG_WARN_COMMA = YES;
				CLANG_WARN_CONSTANT_CONVERSION = YES;
				CLANG_WARN_DEPRECATED_OBJC_IMPLEMENTATIONS = YES;
				CLANG_WARN_DIRECT_OBJC_ISA_USAGE = YES_ERROR;
				CLANG_WARN_DOCUMENTATION_COMMENTS = YES;
				CLANG_WARN_EMPTY_BODY = YES;
				CLANG_WARN_ENUM_CONVERSION = YES;
				CLANG_WARN_INFINITE_RECURSION = YES;
				CLANG_WARN_INT_CONVERSION = YES;
				CLANG_WARN_NON_LITERAL_NULL_CONVERSION = YES;
				CLANG_WARN_OBJC_IMPLICIT_RETAIN_SELF = YES;
				CLANG_WARN_OBJC_LITERAL_CONVERSION = YES;
				CLANG_WARN_OBJC_ROOT_CLASS = YES_ERROR;
				CLANG_WARN_QUOTED_INCLUDE_IN_FRAMEWORK_HEADER = YES;
				CLANG_WARN_RANGE_LOOP_ANALYSIS = YES;
				CLANG_WARN_STRICT_PROTOTYPES = YES;
				CLANG_WARN_SUSPICIOUS_MOVE = YES;
				CLANG_WARN_UNGUARDED_AVAILABILITY = YES_AGGRESSIVE;
				CLANG_WARN_UNREACHABLE_CODE = YES;
				CLANG_WARN__DUPLICATE_METHOD_MATCH = YES;
				COPY_PHASE_STRIP = NO;
				DEBUG_INFORMATION_FORMAT = "dwarf-with-dsym";
				DEVELOPMENT_TEAM = QNQZT6P3XT;
				ENABLE_NS_ASSERTIONS = NO;
				ENABLE_STRICT_OBJC_MSGSEND = YES;
				ENABLE_USER_SCRIPT_SANDBOXING = YES;
				GCC_C_LANGUAGE_STANDARD = gnu17;
				GCC_NO_COMMON_BLOCKS = YES;
				GCC_WARN_64_TO_32_BIT_CONVERSION = YES;
				GCC_WARN_ABOUT_RETURN_TYPE = YES_ERROR;
				GCC_WARN_UNDECLARED_SELECTOR = YES;
				GCC_WARN_UNINITIALIZED_AUTOS = YES_AGGRESSIVE;
				GCC_WARN_UNUSED_FUNCTION = YES;
				GCC_WARN_UNUSED_VARIABLE = YES;
				IPHONEOS_DEPLOYMENT_TARGET = 26.0;
				LOCALIZATION_PREFERS_STRING_CATALOGS = YES;
				MTL_ENABLE_DEBUG_INFO = NO;
				MTL_FAST_MATH = YES;
				SDKROOT = iphoneos;
				SWIFT_COMPILATION_MODE = wholemodule;
				VALIDATE_PRODUCT = YES;
			};
			name = Release;
		};
		29335DE62E8F138E00DDCF2E /* Debug */ = {
			isa = XCBuildConfiguration;
			baseConfigurationReference = 8AE349A096BF0512F00FCF11 /* Pods-NuLink.debug.xcconfig */;
			buildSettings = {
				ASSETCATALOG_COMPILER_APPICON_NAME = AppIcon;
				ASSETCATALOG_COMPILER_GLOBAL_ACCENT_COLOR_NAME = AccentColor;
				CODE_SIGN_STYLE = Automatic;
				CURRENT_PROJECT_VERSION = 1;
				DEVELOPMENT_TEAM = QNQZT6P3XT;
				ENABLE_PREVIEWS = YES;
				GENERATE_INFOPLIST_FILE = YES;
				INFOPLIST_KEY_UIApplicationSceneManifest_Generation = YES;
				INFOPLIST_KEY_UIApplicationSupportsIndirectInputEvents = YES;
				INFOPLIST_KEY_UILaunchScreen_Generation = YES;
				INFOPLIST_KEY_UISupportedInterfaceOrientations_iPad = "UIInterfaceOrientationPortrait UIInterfaceOrientationPortraitUpsideDown UIInterfaceOrientationLandscapeLeft UIInterfaceOrientationLandscapeRight";
				INFOPLIST_KEY_UISupportedInterfaceOrientations_iPhone = "UIInterfaceOrientationPortrait UIInterfaceOrientationLandscapeLeft UIInterfaceOrientationLandscapeRight";
				IPHONEOS_DEPLOYMENT_TARGET = 17.6;
				LD_RUNPATH_SEARCH_PATHS = (
					"$(inherited)",
					"@executable_path/Frameworks",
				);
				MARKETING_VERSION = 1.0;
				PRODUCT_BUNDLE_IDENTIFIER = NatArantes.NuLink;
				PRODUCT_NAME = "$(TARGET_NAME)";
				STRING_CATALOG_GENERATE_SYMBOLS = YES;
				SWIFT_APPROACHABLE_CONCURRENCY = YES;
				SWIFT_DEFAULT_ACTOR_ISOLATION = MainActor;
				SWIFT_EMIT_LOC_STRINGS = YES;
				SWIFT_UPCOMING_FEATURE_MEMBER_IMPORT_VISIBILITY = YES;
				SWIFT_VERSION = 5.0;
				TARGETED_DEVICE_FAMILY = "1,2";
			};
			name = Debug;
		};
		29335DE72E8F138E00DDCF2E /* Release */ = {
			isa = XCBuildConfiguration;
			baseConfigurationReference = 35E16AC2745455C8A48EC8DB /* Pods-NuLink.release.xcconfig */;
			buildSettings = {
				ASSETCATALOG_COMPILER_APPICON_NAME = AppIcon;
				ASSETCATALOG_COMPILER_GLOBAL_ACCENT_COLOR_NAME = AccentColor;
				CODE_SIGN_STYLE = Automatic;
				CURRENT_PROJECT_VERSION = 1;
				DEVELOPMENT_TEAM = QNQZT6P3XT;
				ENABLE_PREVIEWS = YES;
				GENERATE_INFOPLIST_FILE = YES;
				INFOPLIST_KEY_UIApplicationSceneManifest_Generation = YES;
				INFOPLIST_KEY_UIApplicationSupportsIndirectInputEvents = YES;
				INFOPLIST_KEY_UILaunchScreen_Generation = YES;
				INFOPLIST_KEY_UISupportedInterfaceOrientations_iPad = "UIInterfaceOrientationPortrait UIInterfaceOrientationPortraitUpsideDown UIInterfaceOrientationLandscapeLeft UIInterfaceOrientationLandscapeRight";
				INFOPLIST_KEY_UISupportedInterfaceOrientations_iPhone = "UIInterfaceOrientationPortrait UIInterfaceOrientationLandscapeLeft UIInterfaceOrientationLandscapeRight";
				IPHONEOS_DEPLOYMENT_TARGET = 17.6;
				LD_RUNPATH_SEARCH_PATHS = (
					"$(inherited)",
					"@executable_path/Frameworks",
				);
				MARKETING_VERSION = 1.0;
				PRODUCT_BUNDLE_IDENTIFIER = NatArantes.NuLink;
				PRODUCT_NAME = "$(TARGET_NAME)";
				STRING_CATALOG_GENERATE_SYMBOLS = YES;
				SWIFT_APPROACHABLE_CONCURRENCY = YES;
				SWIFT_DEFAULT_ACTOR_ISOLATION = MainActor;
				SWIFT_EMIT_LOC_STRINGS = YES;
				SWIFT_UPCOMING_FEATURE_MEMBER_IMPORT_VISIBILITY = YES;
				SWIFT_VERSION = 5.0;
				TARGETED_DEVICE_FAMILY = "1,2";
			};
			name = Release;
		};
		29335DE92E8F138E00DDCF2E /* Debug */ = {
			isa = XCBuildConfiguration;
			buildSettings = {
				BUNDLE_LOADER = "$(TEST_HOST)";
				CODE_SIGN_STYLE = Automatic;
				CURRENT_PROJECT_VERSION = 1;
				DEVELOPMENT_TEAM = QNQZT6P3XT;
				GENERATE_INFOPLIST_FILE = YES;
				IPHONEOS_DEPLOYMENT_TARGET = 26.0;
				MARKETING_VERSION = 1.0;
				PRODUCT_BUNDLE_IDENTIFIER = NatArantes.NuLinkTests;
				PRODUCT_NAME = "$(TARGET_NAME)";
				STRING_CATALOG_GENERATE_SYMBOLS = NO;
				SWIFT_APPROACHABLE_CONCURRENCY = YES;
				SWIFT_EMIT_LOC_STRINGS = NO;
				SWIFT_UPCOMING_FEATURE_MEMBER_IMPORT_VISIBILITY = YES;
				SWIFT_VERSION = 5.0;
				TARGETED_DEVICE_FAMILY = "1,2";
				TEST_HOST = "$(BUILT_PRODUCTS_DIR)/NuLink.app/$(BUNDLE_EXECUTABLE_FOLDER_PATH)/NuLink";
			};
			name = Debug;
		};
		29335DEA2E8F138E00DDCF2E /* Release */ = {
			isa = XCBuildConfiguration;
			buildSettings = {
				BUNDLE_LOADER = "$(TEST_HOST)";
				CODE_SIGN_STYLE = Automatic;
				CURRENT_PROJECT_VERSION = 1;
				DEVELOPMENT_TEAM = QNQZT6P3XT;
				GENERATE_INFOPLIST_FILE = YES;
				IPHONEOS_DEPLOYMENT_TARGET = 26.0;
				MARKETING_VERSION = 1.0;
				PRODUCT_BUNDLE_IDENTIFIER = NatArantes.NuLinkTests;
				PRODUCT_NAME = "$(TARGET_NAME)";
				STRING_CATALOG_GENERATE_SYMBOLS = NO;
				SWIFT_APPROACHABLE_CONCURRENCY = YES;
				SWIFT_EMIT_LOC_STRINGS = NO;
				SWIFT_UPCOMING_FEATURE_MEMBER_IMPORT_VISIBILITY = YES;
				SWIFT_VERSION = 5.0;
				TARGETED_DEVICE_FAMILY = "1,2";
				TEST_HOST = "$(BUILT_PRODUCTS_DIR)/NuLink.app/$(BUNDLE_EXECUTABLE_FOLDER_PATH)/NuLink";
			};
			name = Release;
		};
		29335DEC2E8F138E00DDCF2E /* Debug */ = {
			isa = XCBuildConfiguration;
			buildSettings = {
				CODE_SIGN_STYLE = Automatic;
				CURRENT_PROJECT_VERSION = 1;
				DEVELOPMENT_TEAM = QNQZT6P3XT;
				GENERATE_INFOPLIST_FILE = YES;
				MARKETING_VERSION = 1.0;
				PRODUCT_BUNDLE_IDENTIFIER = NatArantes.NuLinkUITests;
				PRODUCT_NAME = "$(TARGET_NAME)";
				STRING_CATALOG_GENERATE_SYMBOLS = NO;
				SWIFT_APPROACHABLE_CONCURRENCY = YES;
				SWIFT_EMIT_LOC_STRINGS = NO;
				SWIFT_UPCOMING_FEATURE_MEMBER_IMPORT_VISIBILITY = YES;
				SWIFT_VERSION = 5.0;
				TARGETED_DEVICE_FAMILY = "1,2";
				TEST_TARGET_NAME = NuLink;
			};
			name = Debug;
		};
		29335DED2E8F138E00DDCF2E /* Release */ = {
			isa = XCBuildConfiguration;
			buildSettings = {
				CODE_SIGN_STYLE = Automatic;
				CURRENT_PROJECT_VERSION = 1;
				DEVELOPMENT_TEAM = QNQZT6P3XT;
				GENERATE_INFOPLIST_FILE = YES;
				MARKETING_VERSION = 1.0;
				PRODUCT_BUNDLE_IDENTIFIER = NatArantes.NuLinkUITests;
				PRODUCT_NAME = "$(TARGET_NAME)";
				STRING_CATALOG_GENERATE_SYMBOLS = NO;
				SWIFT_APPROACHABLE_CONCURRENCY = YES;
				SWIFT_EMIT_LOC_STRINGS = NO;
				SWIFT_UPCOMING_FEATURE_MEMBER_IMPORT_VISIBILITY = YES;
				SWIFT_VERSION = 5.0;
				TARGETED_DEVICE_FAMILY = "1,2";
				TEST_TARGET_NAME = NuLink;
			};
			name = Release;
		};
/* End XCBuildConfiguration section */

/* Begin XCConfigurationList section */
		29335DBA2E8F138D00DDCF2E /* Build configuration list for PBXProject "NuLink" */ = {
			isa = XCConfigurationList;
			buildConfigurations = (
				29335DE32E8F138E00DDCF2E /* Debug */,
				29335DE42E8F138E00DDCF2E /* Release */,
			);
			defaultConfigurationIsVisible = 0;
			defaultConfigurationName = Release;
		};
		29335DE52E8F138E00DDCF2E /* Build configuration list for PBXNativeTarget "NuLink" */ = {
			isa = XCConfigurationList;
			buildConfigurations = (
				29335DE62E8F138E00DDCF2E /* Debug */,
				29335DE72E8F138E00DDCF2E /* Release */,
			);
			defaultConfigurationIsVisible = 0;
			defaultConfigurationName = Release;
		};
		29335DE82E8F138E00DDCF2E /* Build configuration list for PBXNativeTarget "NuLinkTests" */ = {
			isa = XCConfigurationList;
			buildConfigurations = (
				29335DE92E8F138E00DDCF2E /* Debug */,
				29335DEA2E8F138E00DDCF2E /* Release */,
			);
			defaultConfigurationIsVisible = 0;
			defaultConfigurationName = Release;
		};
		29335DEB2E8F138E00DDCF2E /* Build configuration list for PBXNativeTarget "NuLinkUITests" */ = {
			isa = XCConfigurationList;
			buildConfigurations = (
				29335DEC2E8F138E00DDCF2E /* Debug */,
				29335DED2E8F138E00DDCF2E /* Release */,
			);
			defaultConfigurationIsVisible = 0;
			defaultConfigurationName = Release;
		};
/* End XCConfigurationList section */
	};
	rootObject = 29335DB72E8F138D00DDCF2E /* Project object */;
}
